{
  "name": "@aeroniemi/inky",
  "version": "0.1.1",
  "lockfileVersion": 3,
  "requires": true,
  "packages": {
    "": {
      "name": "@aeroniemi/inky",
      "version": "0.1.1",
      "license": "MIT",
      "dependencies": {
        "chalk": "^4.1.2",
        "pngjs": "^7.0.0",
        "rpio": "^2.4.2"
      },
      "devDependencies": {
        "@types/node": "^20.6.0",
        "@types/pngjs": "^6.0.1",
        "@types/react": "^18.2.21",
        "@types/rpio": "^2.4.3",
        "typescript": "^5.2.2"
      },
      "optionalDependencies": {
        "@resvg/resvg-js": "^2.4.1"
      }
    },
    "node_modules/@resvg/resvg-js": {
      "version": "2.4.1",
      "resolved": "https://registry.npmjs.org/@resvg/resvg-js/-/resvg-js-2.4.1.tgz",
      "integrity": "sha512-wTOf1zerZX8qYcMmLZw3czR4paI4hXqPjShNwJRh5DeHxvgffUS5KM7XwxtbIheUW6LVYT5fhT2AJiP6mU7U4A==",
      "optional": true,
      "engines": {
        "node": ">= 10"
      },
      "optionalDependencies": {
        "@resvg/resvg-js-android-arm-eabi": "2.4.1",
        "@resvg/resvg-js-android-arm64": "2.4.1",
        "@resvg/resvg-js-darwin-arm64": "2.4.1",
        "@resvg/resvg-js-darwin-x64": "2.4.1",
        "@resvg/resvg-js-linux-arm-gnueabihf": "2.4.1",
        "@resvg/resvg-js-linux-arm64-gnu": "2.4.1",
        "@resvg/resvg-js-linux-arm64-musl": "2.4.1",
        "@resvg/resvg-js-linux-x64-gnu": "2.4.1",
        "@resvg/resvg-js-linux-x64-musl": "2.4.1",
        "@resvg/resvg-js-win32-arm64-msvc": "2.4.1",
        "@resvg/resvg-js-win32-ia32-msvc": "2.4.1",
        "@resvg/resvg-js-win32-x64-msvc": "2.4.1"
      }
    },
    "node_modules/@resvg/resvg-js-android-arm-eabi": {
      "version": "2.4.1",
      "resolved": "https://registry.npmjs.org/@resvg/resvg-js-android-arm-eabi/-/resvg-js-android-arm-eabi-2.4.1.tgz",
      "integrity": "sha512-AA6f7hS0FAPpvQMhBCf6f1oD1LdlqNXKCxAAPpKh6tR11kqV0YIB9zOlIYgITM14mq2YooLFl6XIbbvmY+jwUw==",
      "cpu": [
        "arm"
      ],
      "optional": true,
      "os": [
        "android"
      ],
      "engines": {
        "node": ">= 10"
      }
    },
    "node_modules/@resvg/resvg-js-android-arm64": {
      "version": "2.4.1",
      "resolved": "https://registry.npmjs.org/@resvg/resvg-js-android-arm64/-/resvg-js-android-arm64-2.4.1.tgz",
      "integrity": "sha512-/QleoRdPfsEuH9jUjilYcDtKK/BkmWcK+1LXM8L2nsnf/CI8EnFyv7ZzCj4xAIvZGAy9dTYr/5NZBcTwxG2HQg==",
      "cpu": [
        "arm64"
      ],
      "optional": true,
      "os": [
        "android"
      ],
      "engines": {
        "node": ">= 10"
      }
    },
    "node_modules/@resvg/resvg-js-darwin-arm64": {
      "version": "2.4.1",
      "resolved": "https://registry.npmjs.org/@resvg/resvg-js-darwin-arm64/-/resvg-js-darwin-arm64-2.4.1.tgz",
      "integrity": "sha512-U1oMNhea+kAXgiEXgzo7EbFGCD1Edq5aSlQoe6LMly6UjHzgx2W3N5kEXCwU/CgN5FiQhZr7PlSJSlcr7mdhfg==",
      "cpu": [
        "arm64"
      ],
      "optional": true,
      "os": [
        "darwin"
      ],
      "engines": {
        "node": ">= 10"
      }
    },
    "node_modules/@resvg/resvg-js-darwin-x64": {
      "version": "2.4.1",
      "resolved": "https://registry.npmjs.org/@resvg/resvg-js-darwin-x64/-/resvg-js-darwin-x64-2.4.1.tgz",
      "integrity": "sha512-avyVh6DpebBfHHtTQTZYSr6NG1Ur6TEilk1+H0n7V+g4F7x7WPOo8zL00ZhQCeRQ5H4f8WXNWIEKL8fwqcOkYw==",
      "cpu": [
        "x64"
      ],
      "optional": true,
      "os": [
        "darwin"
      ],
      "engines": {
        "node": ">= 10"
      }
    },
    "node_modules/@resvg/resvg-js-linux-arm-gnueabihf": {
      "version": "2.4.1",
      "resolved": "https://registry.npmjs.org/@resvg/resvg-js-linux-arm-gnueabihf/-/resvg-js-linux-arm-gnueabihf-2.4.1.tgz",
      "integrity": "sha512-isY/mdKoBWH4VB5v621co+8l101jxxYjuTkwOLsbW+5RK9EbLciPlCB02M99ThAHzI2MYxIUjXNmNgOW8btXvw==",
      "cpu": [
        "arm"
      ],
      "optional": true,
      "os": [
        "linux"
      ],
      "engines": {
        "node": ">= 10"
      }
    },
    "node_modules/@resvg/resvg-js-linux-arm64-gnu": {
      "version": "2.4.1",
      "resolved": "https://registry.npmjs.org/@resvg/resvg-js-linux-arm64-gnu/-/resvg-js-linux-arm64-gnu-2.4.1.tgz",
      "integrity": "sha512-uY5voSCrFI8TH95vIYBm5blpkOtltLxLRODyhKJhGfskOI7XkRw5/t1u0sWAGYD8rRSNX+CA+np86otKjubrNg==",
      "cpu": [
        "arm64"
      ],
      "optional": true,
      "os": [
        "linux"
      ],
      "engines": {
        "node": ">= 10"
      }
    },
    "node_modules/@resvg/resvg-js-linux-arm64-musl": {
      "version": "2.4.1",
      "resolved": "https://registry.npmjs.org/@resvg/resvg-js-linux-arm64-musl/-/resvg-js-linux-arm64-musl-2.4.1.tgz",
      "integrity": "sha512-6mT0+JBCsermKMdi/O2mMk3m7SqOjwi9TKAwSngRZ/nQoL3Z0Z5zV+572ztgbWr0GODB422uD8e9R9zzz38dRQ==",
      "cpu": [
        "arm64"
      ],
      "optional": true,
      "os": [
        "linux"
      ],
      "engines": {
        "node": ">= 10"
      }
    },
    "node_modules/@resvg/resvg-js-linux-x64-gnu": {
      "version": "2.4.1",
      "resolved": "https://registry.npmjs.org/@resvg/resvg-js-linux-x64-gnu/-/resvg-js-linux-x64-gnu-2.4.1.tgz",
      "integrity": "sha512-60KnrscLj6VGhkYOJEmmzPlqqfcw1keDh6U+vMcNDjPhV3B5vRSkpP/D/a8sfokyeh4VEacPSYkWGezvzS2/mg==",
      "cpu": [
        "x64"
      ],
      "optional": true,
      "os": [
        "linux"
      ],
      "engines": {
        "node": ">= 10"
      }
    },
    "node_modules/@resvg/resvg-js-linux-x64-musl": {
      "version": "2.4.1",
      "resolved": "https://registry.npmjs.org/@resvg/resvg-js-linux-x64-musl/-/resvg-js-linux-x64-musl-2.4.1.tgz",
      "integrity": "sha512-0AMyZSICC1D7ge115cOZQW8Pcad6PjWuZkBFF3FJuSxC6Dgok0MQnLTs2MfMdKBlAcwO9dXsf3bv9tJZj8pATA==",
      "cpu": [
        "x64"
      ],
      "optional": true,
      "os": [
        "linux"
      ],
      "engines": {
        "node": ">= 10"
      }
    },
    "node_modules/@resvg/resvg-js-win32-arm64-msvc": {
      "version": "2.4.1",
      "resolved": "https://registry.npmjs.org/@resvg/resvg-js-win32-arm64-msvc/-/resvg-js-win32-arm64-msvc-2.4.1.tgz",
      "integrity": "sha512-76XDFOFSa3d0QotmcNyChh2xHwk+JTFiEQBVxMlHpHMeq7hNrQJ1IpE1zcHSQvrckvkdfLboKRrlGB86B10Qjw==",
      "cpu": [
        "arm64"
      ],
      "optional": true,
      "os": [
        "win32"
      ],
      "engines": {
        "node": ">= 10"
      }
    },
    "node_modules/@resvg/resvg-js-win32-ia32-msvc": {
      "version": "2.4.1",
      "resolved": "https://registry.npmjs.org/@resvg/resvg-js-win32-ia32-msvc/-/resvg-js-win32-ia32-msvc-2.4.1.tgz",
      "integrity": "sha512-odyVFGrEWZIzzJ89KdaFtiYWaIJh9hJRW/frcEcG3agJ464VXkN/2oEVF5ulD+5mpGlug9qJg7htzHcKxDN8sg==",
      "cpu": [
        "ia32"
      ],
      "optional": true,
      "os": [
        "win32"
      ],
      "engines": {
        "node": ">= 10"
      }
    },
    "node_modules/@resvg/resvg-js-win32-x64-msvc": {
      "version": "2.4.1",
      "resolved": "https://registry.npmjs.org/@resvg/resvg-js-win32-x64-msvc/-/resvg-js-win32-x64-msvc-2.4.1.tgz",
      "integrity": "sha512-vY4kTLH2S3bP+puU5x7hlAxHv+ulFgcK6Zn3efKSr0M0KnZ9A3qeAjZteIpkowEFfUeMPNg2dvvoFRJA9zqxSw==",
      "cpu": [
        "x64"
      ],
      "optional": true,
      "os": [
        "win32"
      ],
      "engines": {
        "node": ">= 10"
      }
    },
    "node_modules/@types/node": {
      "version": "20.6.0",
      "resolved": "https://registry.npmjs.org/@types/node/-/node-20.6.0.tgz",
      "integrity": "sha512-najjVq5KN2vsH2U/xyh2opaSEz6cZMR2SetLIlxlj08nOcmPOemJmUK2o4kUzfLqfrWE0PIrNeE16XhYDd3nqg==",
      "dev": true
    },
    "node_modules/@types/pngjs": {
      "version": "6.0.1",
      "resolved": "https://registry.npmjs.org/@types/pngjs/-/pngjs-6.0.1.tgz",
      "integrity": "sha512-J39njbdW1U/6YyVXvC9+1iflZghP8jgRf2ndYghdJb5xL49LYDB+1EuAxfbuJ2IBbWIL3AjHPQhgaTxT3YaYeg==",
      "dev": true,
      "dependencies": {
        "@types/node": "*"
      }
    },
    "node_modules/@types/prop-types": {
      "version": "15.7.5",
      "resolved": "https://registry.npmjs.org/@types/prop-types/-/prop-types-15.7.5.tgz",
      "integrity": "sha512-JCB8C6SnDoQf0cNycqd/35A7MjcnK+ZTqE7judS6o7utxUCg6imJg3QK2qzHKszlTjcj2cn+NwMB2i96ubpj7w==",
      "dev": true
    },
    "node_modules/@types/react": {
      "version": "18.2.21",
      "resolved": "https://registry.npmjs.org/@types/react/-/react-18.2.21.tgz",
      "integrity": "sha512-neFKG/sBAwGxHgXiIxnbm3/AAVQ/cMRS93hvBpg8xYRbeQSPVABp9U2bRnPf0iI4+Ucdv3plSxKK+3CW2ENJxA==",
      "dev": true,
      "dependencies": {
        "@types/prop-types": "*",
        "@types/scheduler": "*",
        "csstype": "^3.0.2"
      }
    },
    "node_modules/@types/rpio": {
      "version": "2.4.3",
      "resolved": "https://registry.npmjs.org/@types/rpio/-/rpio-2.4.3.tgz",
      "integrity": "sha512-my5VAJBi05FDN1v+w68WthzpY2mJe/1N4/Brjvth0CeiBynuHgESlOLVdWJpKi3moWE3dqGD9lyHBo9PWx9pIA==",
      "dev": true,
      "dependencies": {
        "@types/node": "*"
      }
    },
    "node_modules/@types/scheduler": {
      "version": "0.16.3",
      "resolved": "https://registry.npmjs.org/@types/scheduler/-/scheduler-0.16.3.tgz",
      "integrity": "sha512-5cJ8CB4yAx7BH1oMvdU0Jh9lrEXyPkar6F9G/ERswkCuvP4KQZfZkSjcMbAICCpQTN4OuZn8tz0HiKv9TGZgrQ==",
      "dev": true
    },
    "node_modules/ansi-styles": {
      "version": "4.3.0",
      "resolved": "https://registry.npmjs.org/ansi-styles/-/ansi-styles-4.3.0.tgz",
      "integrity": "sha512-zbB9rCJAT1rbjiVDb2hqKFHNYLxgtk8NURxZ3IZwD3F6NtxbXZQCnnSi1Lkx+IDohdPlFp222wVALIheZJQSEg==",
      "dependencies": {
        "color-convert": "^2.0.1"
      },
      "engines": {
        "node": ">=8"
      },
      "funding": {
        "url": "https://github.com/chalk/ansi-styles?sponsor=1"
      }
    },
    "node_modules/bindings": {
      "version": "1.5.0",
      "resolved": "https://registry.npmjs.org/bindings/-/bindings-1.5.0.tgz",
      "integrity": "sha512-p2q/t/mhvuOj/UeLlV6566GD/guowlr0hHxClI0W9m7MWYkL1F0hLo+0Aexs9HSPCtR1SXQ0TD3MMKrXZajbiQ==",
      "dependencies": {
        "file-uri-to-path": "1.0.0"
      }
    },
    "node_modules/chalk": {
      "version": "4.1.2",
      "resolved": "https://registry.npmjs.org/chalk/-/chalk-4.1.2.tgz",
      "integrity": "sha512-oKnbhFyRIXpUuez8iBMmyEa4nbj4IOQyuhc/wy9kY7/WVPcwIO9VA668Pu8RkO7+0G76SLROeyw9CpQ061i4mA==",
      "dependencies": {
        "ansi-styles": "^4.1.0",
        "supports-color": "^7.1.0"
      },
      "engines": {
        "node": ">=10"
      },
      "funding": {
        "url": "https://github.com/chalk/chalk?sponsor=1"
      }
    },
    "node_modules/color-convert": {
      "version": "2.0.1",
      "resolved": "https://registry.npmjs.org/color-convert/-/color-convert-2.0.1.tgz",
      "integrity": "sha512-RRECPsj7iu/xb5oKYcsFHSppFNnsj/52OVTRKb4zP5onXwVF3zVmmToNcOfGC+CRDpfK/U584fMg38ZHCaElKQ==",
      "dependencies": {
        "color-name": "~1.1.4"
      },
      "engines": {
        "node": ">=7.0.0"
      }
    },
    "node_modules/color-name": {
      "version": "1.1.4",
      "resolved": "https://registry.npmjs.org/color-name/-/color-name-1.1.4.tgz",
      "integrity": "sha512-dOy+3AuW3a2wNbZHIuMZpTcgjGuLU/uBL/ubcZF9OXbDo8ff4O8yVp5Bf0efS8uEoYo5q4Fx7dY9OgQGXgAsQA=="
    },
    "node_modules/csstype": {
      "version": "3.1.2",
      "resolved": "https://registry.npmjs.org/csstype/-/csstype-3.1.2.tgz",
      "integrity": "sha512-I7K1Uu0MBPzaFKg4nI5Q7Vs2t+3gWWW648spaF+Rg7pI9ds18Ugn+lvg4SHczUdKlHI5LWBXyqfS8+DufyBsgQ==",
      "dev": true
    },
    "node_modules/file-uri-to-path": {
      "version": "1.0.0",
      "resolved": "https://registry.npmjs.org/file-uri-to-path/-/file-uri-to-path-1.0.0.tgz",
      "integrity": "sha512-0Zt+s3L7Vf1biwWZ29aARiVYLx7iMGnEUl9x33fbB/j3jR81u/O2LbqK+Bm1CDSNDKVtJ/YjwY7TUd5SkeLQLw=="
    },
    "node_modules/has-flag": {
      "version": "4.0.0",
      "resolved": "https://registry.npmjs.org/has-flag/-/has-flag-4.0.0.tgz",
      "integrity": "sha512-EykJT/Q1KjTWctppgIAgfSO0tKVuZUjhgMr17kqTumMl6Afv3EISleU7qZUzoXDFTAHTDC4NOoG/ZxU3EvlMPQ==",
      "engines": {
        "node": ">=8"
      }
    },
    "node_modules/nan": {
      "version": "2.18.0",
      "resolved": "https://registry.npmjs.org/nan/-/nan-2.18.0.tgz",
      "integrity": "sha512-W7tfG7vMOGtD30sHoZSSc/JVYiyDPEyQVso/Zz+/uQd0B0L46gtC+pHha5FFMRpil6fm/AoEcRWyOVi4+E/f8w=="
    },
    "node_modules/pngjs": {
      "version": "7.0.0",
      "resolved": "https://registry.npmjs.org/pngjs/-/pngjs-7.0.0.tgz",
      "integrity": "sha512-LKWqWJRhstyYo9pGvgor/ivk2w94eSjE3RGVuzLGlr3NmD8bf7RcYGze1mNdEHRP6TRP6rMuDHk5t44hnTRyow==",
      "engines": {
        "node": ">=14.19.0"
      }
    },
    "node_modules/rpio": {
      "version": "2.4.2",
      "resolved": "https://registry.npmjs.org/rpio/-/rpio-2.4.2.tgz",
      "integrity": "sha512-SiWw2VorgUh+0hbu6eJkRGG+luvS9BboXz6PQl8Z49kJ+8Nn7R/b4ohybLIYSMbQqcW1WYqSooadDuv1VOAiFw==",
      "hasInstallScript": true,
      "dependencies": {
        "bindings": "~1.5.0",
        "nan": "^2.14.1"
      },
      "engines": {
        "node": ">=0.8"
      }
    },
    "node_modules/supports-color": {
      "version": "7.2.0",
      "resolved": "https://registry.npmjs.org/supports-color/-/supports-color-7.2.0.tgz",
      "integrity": "sha512-qpCAvRl9stuOHveKsn7HncJRvv501qIacKzQlO/+Lwxc9+0q2wLyv4Dfvt80/DPn2pqOBsJdDiogXGR9+OvwRw==",
      "dependencies": {
        "has-flag": "^4.0.0"
      },
      "engines": {
        "node": ">=8"
      }
    },
    "node_modules/typescript": {
      "version": "5.2.2",
      "resolved": "https://registry.npmjs.org/typescript/-/typescript-5.2.2.tgz",
      "integrity": "sha512-mI4WrpHsbCIcwT9cF4FZvr80QUeKvsUsUvKDoR+X/7XHQH98xYD8YHZg7ANtz2GtZt/CBq2QJ0thkGJMHfqc1w==",
      "dev": true,
      "bin": {
        "tsc": "bin/tsc",
        "tsserver": "bin/tsserver"
      },
      "engines": {
        "node": ">=14.17"
      }
    }
  }
}
